
Microsoft Visual Studio Solution File, Format Version 12.00
# Visual Studio Version 17
VisualStudioVersion = 17.0.31919.166
MinimumVisualStudioVersion = 10.0.40219.1
Project("{9A19103F-16F7-4668-BE54-9A1E7A4F7556}") = "Vortice.GPU", "src\Vortice.GPU\Vortice.GPU.csproj", "{85FA4738-3A74-4E00-8BD4-CA11E31DE697}"
EndProject
Project("{2150E333-8FDC-42A3-9474-1A3956D46DE8}") = "build", "build", "{7DCE6069-7D8D-46D1-BC58-5BCC4FA369DE}"
	ProjectSection(SolutionItems) = preProject
		.editorconfig = .editorconfig
		.gitattributes = .gitattributes
		.gitignore = .gitignore
		Directory.Build.props = Directory.Build.props
		Directory.Build.targets = Directory.Build.targets
		LICENSE = LICENSE
		README.md = README.md
	EndProjectSection
EndProject
Project("{9A19103F-16F7-4668-BE54-9A1E7A4F7556}") = "Vortice.GPU.Vulkan", "src\Vortice.GPU.Vulkan\Vortice.GPU.Vulkan.csproj", "{65FB2ED8-64E4-40E2-BEAD-722E3E5975FF}"
EndProject
Project("{9A19103F-16F7-4668-BE54-9A1E7A4F7556}") = "Vortice.GPU.Direct3D12", "src\Vortice.GPU.Direct3D12\Vortice.GPU.Direct3D12.csproj", "{02DB78CB-F0CC-4EC5-8AE4-E0B0E16AC2C6}"
EndProject
Global
	GlobalSection(SolutionConfigurationPlatforms) = preSolution
		Debug|Any CPU = Debug|Any CPU
		Release|Any CPU = Release|Any CPU
	EndGlobalSection
	GlobalSection(ProjectConfigurationPlatforms) = postSolution
		{85FA4738-3A74-4E00-8BD4-CA11E31DE697}.Debug|Any CPU.ActiveCfg = Debug|Any CPU
		{85FA4738-3A74-4E00-8BD4-CA11E31DE697}.Debug|Any CPU.Build.0 = Debug|Any CPU
		{85FA4738-3A74-4E00-8BD4-CA11E31DE697}.Release|Any CPU.ActiveCfg = Release|Any CPU
		{85FA4738-3A74-4E00-8BD4-CA11E31DE697}.Release|Any CPU.Build.0 = Release|Any CPU
		{65FB2ED8-64E4-40E2-BEAD-722E3E5975FF}.Debug|Any CPU.ActiveCfg = Debug|Any CPU
		{65FB2ED8-64E4-40E2-BEAD-722E3E5975FF}.Debug|Any CPU.Build.0 = Debug|Any CPU
		{65FB2ED8-64E4-40E2-BEAD-722E3E5975FF}.Release|Any CPU.ActiveCfg = Release|Any CPU
		{65FB2ED8-64E4-40E2-BEAD-722E3E5975FF}.Release|Any CPU.Build.0 = Release|Any CPU
		{02DB78CB-F0CC-4EC5-8AE4-E0B0E16AC2C6}.Debug|Any CPU.ActiveCfg = Debug|Any CPU
		{02DB78CB-F0CC-4EC5-8AE4-E0B0E16AC2C6}.Debug|Any CPU.Build.0 = Debug|Any CPU
		{02DB78CB-F0CC-4EC5-8AE4-E0B0E16AC2C6}.Release|Any CPU.ActiveCfg = Release|Any CPU
		{02DB78CB-F0CC-4EC5-8AE4-E0B0E16AC2C6}.Release|Any CPU.Build.0 = Release|Any CPU
	EndGlobalSection
	GlobalSection(SolutionProperties) = preSolution
		HideSolutionNode = FALSE
	EndGlobalSection
	GlobalSection(ExtensibilityGlobals) = postSolution
		SolutionGuid = {5A265253-DF26-411C-BA1D-9EDE6017A778}
	EndGlobalSection
EndGlobal
